// !$*UTF8*$!
{
	archiveVersion = 1;
	classes = {
	};
	objectVersion = 50;
	objects = {

/* Begin PBXBuildFile section */
		F7540D82226882BD00A0B528 /* AppDelegate.swift in Sources */ = {isa = PBXBuildFile; fileRef = F7540D81226882BD00A0B528 /* AppDelegate.swift */; };
		F7540D84226882BD00A0B528 /* GoalsVC.swift in Sources */ = {isa = PBXBuildFile; fileRef = F7540D83226882BD00A0B528 /* GoalsVC.swift */; };
		F7540D87226882BD00A0B528 /* Main.storyboard in Resources */ = {isa = PBXBuildFile; fileRef = F7540D85226882BD00A0B528 /* Main.storyboard */; };
		F7540D8A226882BD00A0B528 /* Goal_Post.xcdatamodeld in Sources */ = {isa = PBXBuildFile; fileRef = F7540D88226882BD00A0B528 /* Goal_Post.xcdatamodeld */; };
		F7540D8C226882BE00A0B528 /* Assets.xcassets in Resources */ = {isa = PBXBuildFile; fileRef = F7540D8B226882BE00A0B528 /* Assets.xcassets */; };
		F7540D8F226882BE00A0B528 /* LaunchScreen.storyboard in Resources */ = {isa = PBXBuildFile; fileRef = F7540D8D226882BE00A0B528 /* LaunchScreen.storyboard */; };
/* End PBXBuildFile section */

/* Begin PBXFileReference section */
		F7540D7E226882BD00A0B528 /* Goal Post.app */ = {isa = PBXFileReference; explicitFileType = wrapper.application; includeInIndex = 0; path = "Goal Post.app"; sourceTree = BUILT_PRODUCTS_DIR; };
		F7540D81226882BD00A0B528 /* AppDelegate.swift */ = {isa = PBXFileReference; lastKnownFileType = sourcecode.swift; path = AppDelegate.swift; sourceTree = "<group>"; };
		F7540D83226882BD00A0B528 /* GoalsVC.swift */ = {isa = PBXFileReference; lastKnownFileType = sourcecode.swift; path = GoalsVC.swift; sourceTree = "<group>"; };
		F7540D86226882BD00A0B528 /* Base */ = {isa = PBXFileReference; lastKnownFileType = file.storyboard; name = Base; path = Base.lproj/Main.storyboard; sourceTree = "<group>"; };
		F7540D89226882BD00A0B528 /* Goal_Post.xcdatamodel */ = {isa = PBXFileReference; lastKnownFileType = wrapper.xcdatamodel; path = Goal_Post.xcdatamodel; sourceTree = "<group>"; };
		F7540D8B226882BE00A0B528 /* Assets.xcassets */ = {isa = PBXFileReference; lastKnownFileType = folder.assetcatalog; path = Assets.xcassets; sourceTree = "<group>"; };
		F7540D8E226882BE00A0B528 /* Base */ = {isa = PBXFileReference; lastKnownFileType = file.storyboard; name = Base; path = Base.lproj/LaunchScreen.storyboard; sourceTree = "<group>"; };
		F7540D90226882BE00A0B528 /* Info.plist */ = {isa = PBXFileReference; lastKnownFileType = text.plist.xml; path = Info.plist; sourceTree = "<group>"; };
/* End PBXFileReference section */

/* Begin PBXFrameworksBuildPhase section */
		F7540D7B226882BD00A0B528 /* Frameworks */ = {
			isa = PBXFrameworksBuildPhase;
			buildActionMask = 2147483647;
			files = (
			);
			runOnlyForDeploymentPostprocessing = 0;
		};
/* End PBXFrameworksBuildPhase section */

/* Begin PBXGroup section */
		F7540D75226882BD00A0B528 = {
			isa = PBXGroup;
			children = (
				F7540D80226882BD00A0B528 /* Goal Post */,
				F7540D7F226882BD00A0B528 /* Products */,
			);
			sourceTree = "<group>";
		};
		F7540D7F226882BD00A0B528 /* Products */ = {
			isa = PBXGroup;
			children = (
				F7540D7E226882BD00A0B528 /* Goal Post.app */,
			);
			name = Products;
			sourceTree = "<group>";
		};
		F7540D80226882BD00A0B528 /* Goal Post */ = {
			isa = PBXGroup;
			children = (
				F7540D992268831E00A0B528 /* Extentions */,
				F7540D982268831600A0B528 /* Enums */,
				F7540D97226882F400A0B528 /* Views */,
				F7540D96226882E400A0B528 /* Controller */,
				F7540D81226882BD00A0B528 /* AppDelegate.swift */,
				F7540D85226882BD00A0B528 /* Main.storyboard */,
				F7540D8B226882BE00A0B528 /* Assets.xcassets */,
				F7540D8D226882BE00A0B528 /* LaunchScreen.storyboard */,
				F7540D90226882BE00A0B528 /* Info.plist */,
				F7540D88226882BD00A0B528 /* Goal_Post.xcdatamodeld */,
			);
			path = "Goal Post";
			sourceTree = "<group>";
		};
		F7540D96226882E400A0B528 /* Controller */ = {
			isa = PBXGroup;
			children = (
				F7540D83226882BD00A0B528 /* GoalsVC.swift */,
			);
			path = Controller;
			sourceTree = "<group>";
		};
		F7540D97226882F400A0B528 /* Views */ = {
			isa = PBXGroup;
			children = (
			);
			path = Views;
			sourceTree = "<group>";
		};
		F7540D982268831600A0B528 /* Enums */ = {
			isa = PBXGroup;
			children = (
			);
			path = Enums;
			sourceTree = "<group>";
		};
		F7540D992268831E00A0B528 /* Extentions */ = {
			isa = PBXGroup;
			children = (
			);
			path = Extentions;
			sourceTree = "<group>";
		};
/* End PBXGroup section */

/* Begin PBXNativeTarget section */
		F7540D7D226882BD00A0B528 /* Goal Post */ = {
			isa = PBXNativeTarget;
			buildConfigurationList = F7540D93226882BE00A0B528 /* Build configuration list for PBXNativeTarget "Goal Post" */;
			buildPhases = (
				F7540D7A226882BD00A0B528 /* Sources */,
				F7540D7B226882BD00A0B528 /* Frameworks */,
				F7540D7C226882BD00A0B528 /* Resources */,
			);
			buildRules = (
			);
			dependencies = (
			);
			name = "Goal Post";
			productName = "Goal Post";
			productReference = F7540D7E226882BD00A0B528 /* Goal Post.app */;
			productType = "com.apple.product-type.application";
		};
/* End PBXNativeTarget section */

/* Begin PBXProject section */
		F7540D76226882BD00A0B528 /* Project object */ = {
			isa = PBXProject;
			attributes = {
				LastSwiftUpdateCheck = 1020;
				LastUpgradeCheck = 1020;
				ORGANIZATIONNAME = "Jai Nijhawan";
				TargetAttributes = {
					F7540D7D226882BD00A0B528 = {
						CreatedOnToolsVersion = 10.2;
					};
				};
			};
			buildConfigurationList = F7540D79226882BD00A0B528 /* Build configuration list for PBXProject "Goal Post" */;
			compatibilityVersion = "Xcode 9.3";
			developmentRegion = en;
			hasScannedForEncodings = 0;
			knownRegions = (
				en,
				Base,
			);
			mainGroup = F7540D75226882BD00A0B528;
			productRefGroup = F7540D7F226882BD00A0B528 /* Products */;
			projectDirPath = "";
			projectRoot = "";
			targets = (
				F7540D7D226882BD00A0B528 /* Goal Post */,
			);
		};
/* End PBXProject section */

/* Begin PBXResourcesBuildPhase section */
		F7540D7C226882BD00A0B528 /* Resources */ = {
			isa = PBXResourcesBuildPhase;
			buildActionMask = 2147483647;
			files = (
				F7540D8F226882BE00A0B528 /* LaunchScreen.storyboard in Resources */,
				F7540D8C226882BE00A0B528 /* Assets.xcassets in Resources */,
				F7540D87226882BD00A0B528 /* Main.storyboard in Resources */,
			);
			runOnlyForDeploymentPostprocessing = 0;
		};
/* End PBXResourcesBuildPhase section */

/* Begin PBXSourcesBuildPhase section */
		F7540D7A226882BD00A0B528 /* Sources */ = {
			isa = PBXSourcesBuildPhase;
			buildActionMask = 2147483647;
			files = (
				F7540D84226882BD00A0B528 /* GoalsVC.swift in Sources */,
				F7540D82226882BD00A0B528 /* AppDelegate.swift in Sources */,
				F7540D8A226882BD00A0B528 /* Goal_Post.xcdatamodeld in Sources */,
			);
			runOnlyForDeploymentPostprocessing = 0;
		};
/* End PBXSourcesBuildPhase section */

/* Begin PBXVariantGroup section */
		F7540D85226882BD00A0B528 /* Main.storyboard */ = {
			isa = PBXVariantGroup;
			children = (
				F7540D86226882BD00A0B528 /* Base */,
			);
			name = Main.storyboard;
			sourceTree = "<group>";
		};
		F7540D8D226882BE00A0B528 /* LaunchScreen.storyboard */ = {
			isa = PBXVariantGroup;
			children = (
				F7540D8E226882BE00A0B528 /* Base */,
			);
			name = LaunchScreen.storyboard;
			sourceTree = "<group>";
		};
/* End PBXVariantGroup section */

/* Begin XCBuildConfiguration section */
		F7540D91226882BE00A0B528 /* Debug */ = {
			isa = XCBuildConfiguration;
			buildSettings = {
				ALWAYS_SEARCH_USER_PATHS = NO;
				CLANG_ANALYZER_NONNULL = YES;
				CLANG_ANALYZER_NUMBER_OBJECT_CONVERSION = YES_AGGRESSIVE;
				CLANG_CXX_LANGUAGE_STANDARD = "gnu++14";
				CLANG_CXX_LIBRARY = "libc++";
				CLANG_ENABLE_MODULES = YES;
				CLANG_ENABLE_OBJC_ARC = YES;
				CLANG_ENABLE_OBJC_WEAK = YES;
				CLANG_WARN_BLOCK_CAPTURE_AUTORELEASING = YES;
				CLANG_WARN_BOOL_CONVERSION = YES;
				CLANG_WARN_COMMA = YES;
				CLANG_WARN_CONSTANT_CONVERSION = YES;
				CLANG_WARN_DEPRECATED_OBJC_IMPLEMENTATIONS = YES;
				CLANG_WARN_DIRECT_OBJC_ISA_USAGE = YES_ERROR;
				CLANG_WARN_DOCUMENTATION_COMMENTS = YES;
				CLANG_WARN_EMPTY_BODY = YES;
				CLANG_WARN_ENUM_CONVERSION = YES;
				CLANG_WARN_INFINITE_RECURSION = YES;
				CLANG_WARN_INT_CONVERSION = YES;
				CLANG_WARN_NON_LITERAL_NULL_CONVERSION = YES;
				CLANG_WARN_OBJC_IMPLICIT_RETAIN_SELF = YES;
				CLANG_WARN_OBJC_LITERAL_CONVERSION = YES;
				CLANG_WARN_OBJC_ROOT_CLASS = YES_ERROR;
				CLANG_WARN_RANGE_LOOP_ANALYSIS = YES;
				CLANG_WARN_STRICT_PROTOTYPES = YES;
				CLANG_WARN_SUSPICIOUS_MOVE = YES;
				CLANG_WARN_UNGUARDED_AVAILABILITY = YES_AGGRESSIVE;
				CLANG_WARN_UNREACHABLE_CODE = YES;
				CLANG_WARN__DUPLICATE_METHOD_MATCH = YES;
				CODE_SIGN_IDENTITY = "iPhone Developer";
				COPY_PHASE_STRIP = NO;
				DEBUG_INFORMATION_FORMAT = dwarf;
				ENABLE_STRICT_OBJC_MSGSEND = YES;
				ENABLE_TESTABILITY = YES;
				GCC_C_LANGUAGE_STANDARD = gnu11;
				GCC_DYNAMIC_NO_PIC = NO;
				GCC_NO_COMMON_BLOCKS = YES;
				GCC_OPTIMIZATION_LEVEL = 0;
				GCC_PREPROCESSOR_DEFINITIONS = (
					"DEBUG=1",
					"$(inherited)",
				);
				GCC_WARN_64_TO_32_BIT_CONVERSION = YES;
				GCC_WARN_ABOUT_RETURN_TYPE = YES_ERROR;
				GCC_WARN_UNDECLARED_SELECTOR = YES;
				GCC_WARN_UNINITIALIZED_AUTOS = YES_AGGRESSIVE;
				GCC_WARN_UNUSED_FUNCTION = YES;
				GCC_WARN_UNUSED_VARIABLE = YES;
				IPHONEOS_DEPLOYMENT_TARGET = 12.2;
				MTL_ENABLE_DEBUG_INFO = INCLUDE_SOURCE;
				MTL_FAST_MATH = YES;
				ONLY_ACTIVE_ARCH = YES;
				SDKROOT = iphoneos;
				SWIFT_ACTIVE_COMPILATION_CONDITIONS = DEBUG;
				SWIFT_OPTIMIZATION_LEVEL = "-Onone";
			};
			name = Debug;
		};
		F7540D92226882BE00A0B528 /* Release */ = {
			isa = XCBuildConfiguration;
			buildSettings = {
				ALWAYS_SEARCH_USER_PATHS = NO;
				CLANG_ANALYZER_NONNULL = YES;
				CLANG_ANALYZER_NUMBER_OBJECT_CONVERSION = YES_AGGRESSIVE;
				CLANG_CXX_LANGUAGE_STANDARD = "gnu++14";
				CLANG_CXX_LIBRARY = "libc++";
				CLANG_ENABLE_MODULES = YES;
				CLANG_ENABLE_OBJC_ARC = YES;
				CLANG_ENABLE_OBJC_WEAK = YES;
				CLANG_WARN_BLOCK_CAPTURE_AUTORELEASING = YES;
				CLANG_WARN_BOOL_CONVERSION = YES;
				CLANG_WARN_COMMA = YES;
				CLANG_WARN_CONSTANT_CONVERSION = YES;
				CLANG_WARN_DEPRECATED_OBJC_IMPLEMENTATIONS = YES;
				CLANG_WARN_DIRECT_OBJC_ISA_USAGE = YES_ERROR;
				CLANG_WARN_DOCUMENTATION_COMMENTS = YES;
				CLANG_WARN_EMPTY_BODY = YES;
				CLANG_WARN_ENUM_CONVERSION = YES;
				CLANG_WARN_INFINITE_RECURSION = YES;
				CLANG_WARN_INT_CONVERSION = YES;
				CLANG_WARN_NON_LITERAL_NULL_CONVERSION = YES;
				CLANG_WARN_OBJC_IMPLICIT_RETAIN_SELF = YES;
				CLANG_WARN_OBJC_LITERAL_CONVERSION = YES;
				CLANG_WARN_OBJC_ROOT_CLASS = YES_ERROR;
				CLANG_WARN_RANGE_LOOP_ANALYSIS = YES;
				CLANG_WARN_STRICT_PROTOTYPES = YES;
				CLANG_WARN_SUSPICIOUS_MOVE = YES;
				CLANG_WARN_UNGUARDED_AVAILABILITY = YES_AGGRESSIVE;
				CLANG_WARN_UNREACHABLE_CODE = YES;
				CLANG_WARN__DUPLICATE_METHOD_MATCH = YES;
				CODE_SIGN_IDENTITY = "iPhone Developer";
				COPY_PHASE_STRIP = NO;
				DEBUG_INFORMATION_FORMAT = "dwarf-with-dsym";
				ENABLE_NS_ASSERTIONS = NO;
				ENABLE_STRICT_OBJC_MSGSEND = YES;
				GCC_C_LANGUAGE_STANDARD = gnu11;
				GCC_NO_COMMON_BLOCKS = YES;
				GCC_WARN_64_TO_32_BIT_CONVERSION = YES;
				GCC_WARN_ABOUT_RETURN_TYPE = YES_ERROR;
				GCC_WARN_UNDECLARED_SELECTOR = YES;
				GCC_WARN_UNINITIALIZED_AUTOS = YES_AGGRESSIVE;
				GCC_WARN_UNUSED_FUNCTION = YES;
				GCC_WARN_UNUSED_VARIABLE = YES;
				IPHONEOS_DEPLOYMENT_TARGET = 12.2;
				MTL_ENABLE_DEBUG_INFO = NO;
				MTL_FAST_MATH = YES;
				SDKROOT = iphoneos;
				SWIFT_COMPILATION_MODE = wholemodule;
				SWIFT_OPTIMIZATION_LEVEL = "-O";
				VALIDATE_PRODUCT = YES;
			};
			name = Release;
		};
		F7540D94226882BE00A0B528 /* Debug */ = {
			isa = XCBuildConfiguration;
			buildSettings = {
				ASSETCATALOG_COMPILER_APPICON_NAME = AppIcon;
				CODE_SIGN_STYLE = Automatic;
				DEVELOPMENT_TEAM = 989RW99APU;
				INFOPLIST_FILE = "Goal Post/Info.plist";
				LD_RUNPATH_SEARCH_PATHS = (
					"$(inherited)",
					"@executable_path/Frameworks",
				);
				PRODUCT_BUNDLE_IDENTIFIER = "JainNjhawan.Goal-Post";
				PRODUCT_NAME = "$(TARGET_NAME)";
				SWIFT_VERSION = 5.0;
				TARGETED_DEVICE_FAMILY = "1,2";
			};
			name = Debug;
		};
		F7540D95226882BE00A0B528 /* Release */ = {
			isa = XCBuildConfiguration;
			buildSettings = {
				ASSETCATALOG_COMPILER_APPICON_NAME = AppIcon;
				CODE_SIGN_STYLE = Automatic;
				DEVELOPMENT_TEAM = 989RW99APU;
				INFOPLIST_FILE = "Goal Post/Info.plist";
				LD_RUNPATH_SEARCH_PATHS = (
					"$(inherited)",
					"@executable_path/Frameworks",
				);
				PRODUCT_BUNDLE_IDENTIFIER = "JainNjhawan.Goal-Post";
				PRODUCT_NAME = "$(TARGET_NAME)";
				SWIFT_VERSION = 5.0;
				TARGETED_DEVICE_FAMILY = "1,2";
			};
			name = Release;
		};
/* End XCBuildConfiguration section */

/* Begin XCConfigurationList section */
		F7540D79226882BD00A0B528 /* Build configuration list for PBXProject "Goal Post" */ = {
			isa = XCConfigurationList;
			buildConfigurations = (
				F7540D91226882BE00A0B528 /* Debug */,
				F7540D92226882BE00A0B528 /* Release */,
			);
			defaultConfigurationIsVisible = 0;
			defaultConfigurationName = Release;
		};
		F7540D93226882BE00A0B528 /* Build configuration list for PBXNativeTarget "Goal Post" */ = {
			isa = XCConfigurationList;
			buildConfigurations = (
				F7540D94226882BE00A0B528 /* Debug */,
				F7540D95226882BE00A0B528 /* Release */,
			);
			defaultConfigurationIsVisible = 0;
			defaultConfigurationName = Release;
		};
/* End XCConfigurationList section */

/* Begin XCVersionGroup section */
		F7540D88226882BD00A0B528 /* Goal_Post.xcdatamodeld */ = {
			isa = XCVersionGroup;
			children = (
				F7540D89226882BD00A0B528 /* Goal_Post.xcdatamodel */,
			);
			currentVersion = F7540D89226882BD00A0B528 /* Goal_Post.xcdatamodel */;
			path = Goal_Post.xcdatamodeld;
			sourceTree = "<group>";
			versionGroupType = wrapper.xcdatamodel;
		};
/* End XCVersionGroup section */
	};
	rootObject = F7540D76226882BD00A0B528 /* Project object */;
}
